
Microsoft Visual Studio Solution File, Format Version 12.00
# Visual Studio Version 16
VisualStudioVersion = 16.0.33328.57
MinimumVisualStudioVersion = 10.0.40219.1
Project("{FAE04EC0-301F-11D3-BF4B-00C04F79EFBC}") = "WRs", "WRs\WRs.csproj", "{B5B1D401-CD47-47CA-B185-06DE926CD31F}"
EndProject
Global
	GlobalSection(SolutionConfigurationPlatforms) = preSolution
		Debug|Any CPU = Debug|Any CPU
		Release|Any CPU = Release|Any CPU
	EndGlobalSection
	GlobalSection(ProjectConfigurationPlatforms) = postSolution
		{B5B1D401-CD47-47CA-B185-06DE926CD31F}.Debug|Any CPU.ActiveCfg = Debug|Any CPU
		{B5B1D401-CD47-47CA-B185-06DE926CD31F}.Debug|Any CPU.Build.0 = Debug|Any CPU
		{B5B1D401-CD47-47CA-B185-06DE926CD31F}.Release|Any CPU.ActiveCfg = Release|Any CPU
		{B5B1D401-CD47-47CA-B185-06DE926CD31F}.Release|Any CPU.Build.0 = Release|Any CPU
	EndGlobalSection
	GlobalSection(SolutionProperties) = preSolution
		HideSolutionNode = FALSE
	EndGlobalSection
	GlobalSection(ExtensibilityGlobals) = postSolution
		SolutionGuid = {D6865100-2C87-44EF-9CDD-D496E0E8FFF1}
	EndGlobalSection
EndGlobal
